# This file is automatically @generated by Cargo.
# It is not intended for manual editing.
[[package]]
name = "array-init"
version = "0.1.1"
source = "registry+https://github.com/rust-lang/crates.io-index"

[[package]]
name = "sudoku"
version = "0.1.0"
dependencies = [
 "array-init 0.1.1 (registry+https://github.com/rust-lang/crates.io-index)",
]

[metadata]
"checksum array-init 0.1.1 (registry+https://github.com/rust-lang/crates.io-index)" = "f30bbe2f5e3d117f55bd8c7a1f9191e4a5deba9f15f595bbea4f670c59c765db"
